
Microsoft Visual Studio Solution File, Format Version 12.00
# Visual Studio Version 17
VisualStudioVersion = 17.14.37411.7
MinimumVisualStudioVersion = 10.0.40219.1
Project("{FAE04EC0-301F-11D3-BF4B-00C04F79EFBC}") = "Quiniegol", "Quiniegol\Quiniegol.csproj", "{80879BAF-8AF8-4103-9159-98CD8B73FF36}"
EndProject
Project("{FAE04EC0-301F-11D3-BF4B-00C04F79EFBC}") = "QuiniegolModels", "QuiniegolModels\QuiniegolModels.csproj", "{499D187F-B198-420D-BF0D-7C05C3D481E6}"
EndProject
Project("{FAE04EC0-301F-11D3-BF4B-00C04F79EFBC}") = "QuiniegolController", "QuiniegolController\QuiniegolController.csproj", "{2EF58BC8-311D-4EED-AD67-59DCDF15BAA6}"
EndProject
Global
	GlobalSection(SolutionConfigurationPlatforms) = preSolution
		Debug|Any CPU = Debug|Any CPU
		Release|Any CPU = Release|Any CPU
	EndGlobalSection
	GlobalSection(ProjectConfigurationPlatforms) = postSolution
		{80879BAF-8AF8-4103-9159-98CD8B73FF36}.Debug|Any CPU.ActiveCfg = Debug|Any CPU
		{80879BAF-8AF8-4103-9159-98CD8B73FF36}.Debug|Any CPU.Build.0 = Debug|Any CPU
		{80879BAF-8AF8-4103-9159-98CD8B73FF36}.Release|Any CPU.ActiveCfg = Release|Any CPU
		{80879BAF-8AF8-4103-9159-98CD8B73FF36}.Release|Any CPU.Build.0 = Release|Any CPU
		{499D187F-B198-420D-BF0D-7C05C3D481E6}.Debug|Any CPU.ActiveCfg = Debug|Any CPU
		{499D187F-B198-420D-BF0D-7C05C3D481E6}.Debug|Any CPU.Build.0 = Debug|Any CPU
		{499D187F-B198-420D-BF0D-7C05C3D481E6}.Release|Any CPU.ActiveCfg = Release|Any CPU
		{499D187F-B198-420D-BF0D-7C05C3D481E6}.Release|Any CPU.Build.0 = Release|Any CPU
		{2EF58BC8-311D-4EED-AD67-59DCDF15BAA6}.Debug|Any CPU.ActiveCfg = Debug|Any CPU
		{2EF58BC8-311D-4EED-AD67-59DCDF15BAA6}.Debug|Any CPU.Build.0 = Debug|Any CPU
		{2EF58BC8-311D-4EED-AD67-59DCDF15BAA6}.Release|Any CPU.ActiveCfg = Release|Any CPU
		{2EF58BC8-311D-4EED-AD67-59DCDF15BAA6}.Release|Any CPU.Build.0 = Release|Any CPU
	EndGlobalSection
	GlobalSection(SolutionProperties) = preSolution
		HideSolutionNode = FALSE
	EndGlobalSection
	GlobalSection(ExtensibilityGlobals) = postSolution
		SolutionGuid = {7F6A5A74-5941-45FF-9470-0338E515160F}
	EndGlobalSection
EndGlobal
